# THIS IS AN AUTOGENERATED FILE. DO NOT EDIT THIS FILE DIRECTLY.
# yarn lockfile v1


"@types/prop-types@*":
  "integrity" "sha512-rZ5drC/jWjrArrS8BR6SIr4cWpW09RNTYt9AMZo3Jwwif+iacXAqgVjm0B0Bv/S1jhDXKHqRVNCbACkJ89RAnQ=="
  "resolved" "https://registry.npmjs.org/@types/prop-types/-/prop-types-15.7.4.tgz"
  "version" "15.7.4"

"@types/react-dom@^17.0.13":
  "integrity" "sha512-H03xwEP1oXmSfl3iobtmQ/2dHF5aBHr8aUMwyGZya6OW45G+xtdzmq6HkncefiBt5JU8DVyaWl/nWZbjZCnzAQ=="
  "resolved" "https://registry.npmjs.org/@types/react-dom/-/react-dom-17.0.14.tgz"
  "version" "17.0.14"
  dependencies:
    "@types/react" "*"

"@types/react@*", "@types/react@^17.0.40":
  "integrity" "sha512-8Q+LNpdxf057brvPu1lMtC5Vn7J119xrP1aq4qiaefNioQUYANF/CYeK4NsKorSZyUGJ66g0IM+4bbjwx45o2A=="
  "resolved" "https://registry.npmjs.org/@types/react/-/react-17.0.43.tgz"
  "version" "17.0.43"
  dependencies:
    "@types/prop-types" "*"
    "@types/scheduler" "*"
    "csstype" "^3.0.2"

"@types/scheduler@*":
  "integrity" "sha512-hppQEBDmlwhFAXKJX2KnWLYu5yMfi91yazPb2l+lbJiwW+wdo1gNeRA+3RgNSO39WYX2euey41KEwnqesU2Jew=="
  "resolved" "https://registry.npmjs.org/@types/scheduler/-/scheduler-0.16.2.tgz"
  "version" "0.16.2"

"@types/stats.js@^0.17.0":
  "integrity" "sha512-9w+a7bR8PeB0dCT/HBULU2fMqf6BAzvKbxFboYhmDtDkKPiyXYbjoe2auwsXlEFI7CFNMF1dCv3dFH5Poy9R1w=="
  "resolved" "https://registry.npmjs.org/@types/stats.js/-/stats.js-0.17.0.tgz"
  "version" "0.17.0"

"anymatch@~3.1.2":
  "integrity" "sha512-P43ePfOAIupkguHUycrc4qJ9kz8ZiuOUijaETwX7THt0Y/GNK7v0aa8rY816xWjZ7rJdA5XdMcpVFTKMq+RvWg=="
  "resolved" "https://registry.npmjs.org/anymatch/-/anymatch-3.1.2.tgz"
  "version" "3.1.2"
  dependencies:
    "normalize-path" "^3.0.0"
    "picomatch" "^2.0.4"

"binary-extensions@^2.0.0":
  "integrity" "sha512-jDctJ/IVQbZoJykoeHbhXpOlNBqGNcwXJKJog42E5HDPUwQTSdjCHdihjj0DlnheQ7blbT6dHOafNAiS8ooQKA=="
  "resolved" "https://registry.npmjs.org/binary-extensions/-/binary-extensions-2.2.0.tgz"
  "version" "2.2.0"

"braces@~3.0.2":
  "integrity" "sha512-b8um+L1RzM3WDSzvhm6gIz1yfTbBt6YTlcEKAvsmqCZZFw46z626lVj9j1yEPW33H5H+lBQpZMP1k8l+78Ha0A=="
  "resolved" "https://registry.npmjs.org/braces/-/braces-3.0.2.tgz"
  "version" "3.0.2"
  dependencies:
    "fill-range" "^7.0.1"

"chokidar@>=3.0.0 <4.0.0":
  "integrity" "sha512-Dr3sfKRP6oTcjf2JmUmFJfeVMvXBdegxB0iVQ5eb2V10uFJUCAS8OByZdVAyVb8xXNz3GjjTgj9kLWsZTqE6kw=="
  "resolved" "https://registry.npmjs.org/chokidar/-/chokidar-3.5.3.tgz"
  "version" "3.5.3"
  dependencies:
    "anymatch" "~3.1.2"
    "braces" "~3.0.2"
    "glob-parent" "~5.1.2"
    "is-binary-path" "~2.1.0"
    "is-glob" "~4.0.1"
    "normalize-path" "~3.0.0"
    "readdirp" "~3.6.0"
  optionalDependencies:
    "fsevents" "~2.3.2"

"classnames@^2.3.1":
  "integrity" "sha512-OlQdbZ7gLfGarSqxesMesDa5uz7KFbID8Kpq/SxIoNGDqY8lSYs0D+hhtBXhcdB3rcbXArFr7vlHheLk1voeNA=="
  "resolved" "https://registry.npmjs.org/classnames/-/classnames-2.3.1.tgz"
  "version" "2.3.1"

"csstype@^3.0.2":
  "integrity" "sha512-sa6P2wJ+CAbgyy4KFssIb/JNMLxFvKF1pCYCSXS8ZMuqZnMsrxqI2E5sPyoTpxoPU/gVZMzr2zjOfg8GIZOMsw=="
  "resolved" "https://registry.npmjs.org/csstype/-/csstype-3.0.11.tgz"
  "version" "3.0.11"

"esbuild-android-64@0.14.28":
  "integrity" "sha512-A52C3zq+9tNwCqZ+4kVLBxnk/WnrYM8P2+QNvNE9B6d2OVPs214lp3g6UyO+dKDhUdefhfPCuwkP8j2A/+szNA=="
  "resolved" "https://registry.npmjs.org/esbuild-android-64/-/esbuild-android-64-0.14.28.tgz"
  "version" "0.14.28"

"esbuild-android-arm64@0.14.28":
  "integrity" "sha512-sm0fDEGElZhMC3HLZeECI2juE4aG7uPfMBMqNUhy9CeX399Pz8rC6e78OXMXInGjSdEAwQmCOHmfsP7uv3Q8rA=="
  "resolved" "https://registry.npmjs.org/esbuild-android-arm64/-/esbuild-android-arm64-0.14.28.tgz"
  "version" "0.14.28"

"esbuild-darwin-64@0.14.28":
  "integrity" "sha512-nzDd7mQ44FvsFHtOafZdBgn3Li5SMsnMnoz1J2MM37xJmR3wGNTFph88KypjHgWqwbxCI7MXS1U+sN4qDeeW6Q=="
  "resolved" "https://registry.npmjs.org/esbuild-darwin-64/-/esbuild-darwin-64-0.14.28.tgz"
  "version" "0.14.28"

"esbuild-darwin-arm64@0.14.28":
  "integrity" "sha512-XEq/bLR/glsUl+uGrBimQzOVs/CmwI833fXUhP9xrLI3IJ+rKyrZ5IA8u+1crOEf1LoTn8tV+hInmX6rGjbScw=="
  "resolved" "https://registry.npmjs.org/esbuild-darwin-arm64/-/esbuild-darwin-arm64-0.14.28.tgz"
  "version" "0.14.28"

"esbuild-freebsd-64@0.14.28":
  "integrity" "sha512-rTKLgUj/HEcPeE5XZ7IZwWpFx7IWMfprN7QRk/TUJE1s1Ipb58esboIesUpjirJz/BwrgHq+FDG9ChAI8dZAtQ=="
  "resolved" "https://registry.npmjs.org/esbuild-freebsd-64/-/esbuild-freebsd-64-0.14.28.tgz"
  "version" "0.14.28"

"esbuild-freebsd-arm64@0.14.28":
  "integrity" "sha512-sBffxD1UMOsB7aWMoExmipycjcy3HJGwmqE4GQZUTZvdiH4GhjgUiVdtPyt7kSCdL40JqnWQJ4b1l8Y51oCF4Q=="
  "resolved" "https://registry.npmjs.org/esbuild-freebsd-arm64/-/esbuild-freebsd-arm64-0.14.28.tgz"
  "version" "0.14.28"

"esbuild-linux-32@0.14.28":
  "integrity" "sha512-+Wxidh3fBEQ9kHcCsD4etlBTMb1n6QY2uXv3rFhVn88CY/JP782MhA57/ipLMY4kOLeSKEuFGN4rtjHuhmRMig=="
  "resolved" "https://registry.npmjs.org/esbuild-linux-32/-/esbuild-linux-32-0.14.28.tgz"
  "version" "0.14.28"

"esbuild-linux-64@0.14.28":
  "integrity" "sha512-7+xgsC4LvR6cnzaBdiljNnPDjbkwzahogN+S9uy9AoYw7ZjPnnXc6sjQAVCbqGb7MEgrWdpa6u/Tao79i4lWxg=="
  "resolved" "https://registry.npmjs.org/esbuild-linux-64/-/esbuild-linux-64-0.14.28.tgz"
  "version" "0.14.28"

"esbuild-linux-arm@0.14.28":
  "integrity" "sha512-L5isjmlLbh9E0WVllXiVETbScgMbth/+XkXQii1WwgO1RvLIfaGrVFz8d2n6EH/ImtgYxPYGx+OcvIKQBc91Rg=="
  "resolved" "https://registry.npmjs.org/esbuild-linux-arm/-/esbuild-linux-arm-0.14.28.tgz"
  "version" "0.14.28"

"esbuild-linux-arm64@0.14.28":
  "integrity" "sha512-EjRHgwg+kgXABzyoPGPOPg4d5wZqRnZ/ZAxBDzLY+i6DS8OUfTSlZHWIOZzU4XF7125WxRBg9ULbrFJBl+57Eg=="
  "resolved" "https://registry.npmjs.org/esbuild-linux-arm64/-/esbuild-linux-arm64-0.14.28.tgz"
  "version" "0.14.28"

"esbuild-linux-mips64le@0.14.28":
  "integrity" "sha512-krx9SSg7yfiUKk64EmjefOyiEF6nv2bRE4um/LiTaQ6Y/6FP4UF3/Ou/AxZVyR154uSRq63xejcAsmswXAYRsw=="
  "resolved" "https://registry.npmjs.org/esbuild-linux-mips64le/-/esbuild-linux-mips64le-0.14.28.tgz"
  "version" "0.14.28"

"esbuild-linux-ppc64le@0.14.28":
  "integrity" "sha512-LD0Xxu9g+DNuhsEBV5QuVZ4uKVBMup0xPIruLweuAf9/mHXFnaCuNXUBF5t0DxKl7GQ5MSioKtnb92oMo+QXEw=="
  "resolved" "https://registry.npmjs.org/esbuild-linux-ppc64le/-/esbuild-linux-ppc64le-0.14.28.tgz"
  "version" "0.14.28"

"esbuild-linux-riscv64@0.14.28":
  "integrity" "sha512-L/DWfRh2P0vxq4Y+qieSNXKGdMg+e9Qe8jkbN2/8XSGYDTPzO2OcAxSujob4qIh7iSl+cknbXV+BvH0YFR0jbg=="
  "resolved" "https://registry.npmjs.org/esbuild-linux-riscv64/-/esbuild-linux-riscv64-0.14.28.tgz"
  "version" "0.14.28"

"esbuild-linux-s390x@0.14.28":
  "integrity" "sha512-rrgxmsbmL8QQknWGnAL9bGJRQYLOi2AzXy5OTwfhxnj9eqjo5mSVbJXjgiq5LPUAMQZGdPH5yaNK0obAXS81Zw=="
  "resolved" "https://registry.npmjs.org/esbuild-linux-s390x/-/esbuild-linux-s390x-0.14.28.tgz"
  "version" "0.14.28"

"esbuild-netbsd-64@0.14.28":
  "integrity" "sha512-h8wntIyOR8/xMVVM6TvJxxWKh4AjmLK87IPKpuVi8Pq0kyk0RMA+eo4PFGk5j2XK0D7dj8PcSF5NSlP9kN/j0A=="
  "resolved" "https://registry.npmjs.org/esbuild-netbsd-64/-/esbuild-netbsd-64-0.14.28.tgz"
  "version" "0.14.28"

"esbuild-openbsd-64@0.14.28":
  "integrity" "sha512-HBv18rVapbuDx52/fhZ/c/w6TXyaQAvRxiDDn5Hz/pBcwOs3cdd2WxeIKlWmDoqm2JMx5EVlq4IWgoaRX9mVkw=="
  "resolved" "https://registry.npmjs.org/esbuild-openbsd-64/-/esbuild-openbsd-64-0.14.28.tgz"
  "version" "0.14.28"

"esbuild-sunos-64@0.14.28":
  "integrity" "sha512-zlIxePhZxKYheR2vBCgPVvTixgo/ozOfOMoP6RZj8dxzquU1NgeyhjkcRXucbLCtmoNJ+i4PtWwPZTLuDd3bGg=="
  "resolved" "https://registry.npmjs.org/esbuild-sunos-64/-/esbuild-sunos-64-0.14.28.tgz"
  "version" "0.14.28"

"esbuild-windows-32@0.14.28":
  "integrity" "sha512-am9DIJxXlld1BOAY/VlvBQHMUCPL7S3gB/lnXIY3M4ys0gfuRqPf4EvMwZMzYUbFKBY+/Qb8SRgPRRGhwnJ8Kg=="
  "resolved" "https://registry.npmjs.org/esbuild-windows-32/-/esbuild-windows-32-0.14.28.tgz"
  "version" "0.14.28"

"esbuild-windows-64@0.14.28":
  "integrity" "sha512-78PhySDnmRZlsPNp/W/5Fim8iivlBQQxfhBFIqR7xwvfDmCFUSByyMKP7LCHgNtb04yNdop8nJJkJaQ8Xnwgiw=="
  "resolved" "https://registry.npmjs.org/esbuild-windows-64/-/esbuild-windows-64-0.14.28.tgz"
  "version" "0.14.28"

"esbuild-windows-arm64@0.14.28":
  "integrity" "sha512-VhXGBTo6HELD8zyHXynV6+L2jWx0zkKnGx4TmEdSBK7UVFACtOyfUqpToG0EtnYyRZ0HESBhzPSVpP781ovmvA=="
  "resolved" "https://registry.npmjs.org/esbuild-windows-arm64/-/esbuild-windows-arm64-0.14.28.tgz"
  "version" "0.14.28"

"esbuild@^0.14.14":
  "integrity" "sha512-YLNprkCcMVKQ5sekmCKEQ3Obu/L7s6+iij38xNKyBeSmSsTWur4Ky/9zB3XIGT8SCJITG/bZwAR2l7YOAXch4Q=="
  "resolved" "https://registry.npmjs.org/esbuild/-/esbuild-0.14.28.tgz"
  "version" "0.14.28"
  optionalDependencies:
    "esbuild-android-64" "0.14.28"
    "esbuild-android-arm64" "0.14.28"
    "esbuild-darwin-64" "0.14.28"
    "esbuild-darwin-arm64" "0.14.28"
    "esbuild-freebsd-64" "0.14.28"
    "esbuild-freebsd-arm64" "0.14.28"
    "esbuild-linux-32" "0.14.28"
    "esbuild-linux-64" "0.14.28"
    "esbuild-linux-arm" "0.14.28"
    "esbuild-linux-arm64" "0.14.28"
    "esbuild-linux-mips64le" "0.14.28"
    "esbuild-linux-ppc64le" "0.14.28"
    "esbuild-linux-riscv64" "0.14.28"
    "esbuild-linux-s390x" "0.14.28"
    "esbuild-netbsd-64" "0.14.28"
    "esbuild-openbsd-64" "0.14.28"
    "esbuild-sunos-64" "0.14.28"
    "esbuild-windows-32" "0.14.28"
    "esbuild-windows-64" "0.14.28"
    "esbuild-windows-arm64" "0.14.28"

"fill-range@^7.0.1":
  "integrity" "sha512-qOo9F+dMUmC2Lcb4BbVvnKJxTPjCm+RRpe4gDuGrzkL7mEVl/djYSu2OdQ2Pa302N4oqkSg9ir6jaLWJ2USVpQ=="
  "resolved" "https://registry.npmjs.org/fill-range/-/fill-range-7.0.1.tgz"
  "version" "7.0.1"
  dependencies:
    "to-regex-range" "^5.0.1"

"fsevents@~2.3.2":
  "integrity" "sha512-xiqMQR4xAeHTuB9uWm+fFRcIOgKBMiOBP+eXiyT7jsgVCq1bkVygt00oASowB7EdtpOHaaPgKt812P9ab+DDKA=="
  "resolved" "https://registry.npmjs.org/fsevents/-/fsevents-2.3.2.tgz"
  "version" "2.3.2"

"function-bind@^1.1.1":
  "integrity" "sha512-yIovAzMX49sF8Yl58fSCWJ5svSLuaibPxXQJFLmBObTuCr0Mf1KiPopGM9NiFjiYBCbfaa2Fh6breQ6ANVTI0A=="
  "resolved" "https://registry.npmjs.org/function-bind/-/function-bind-1.1.1.tgz"
  "version" "1.1.1"

"gl-matrix@^3.4.3":
  "integrity" "sha512-wcCp8vu8FT22BnvKVPjXa/ICBWRq/zjFfdofZy1WSpQZpphblv12/bOQLBC1rMM7SGOFS9ltVmKOHil5+Ml7gA=="
  "resolved" "https://registry.npmjs.org/gl-matrix/-/gl-matrix-3.4.3.tgz"
  "version" "3.4.3"

"glob-parent@~5.1.2":
  "integrity" "sha512-AOIgSQCepiJYwP3ARnGx+5VnTu2HBYdzbGP45eLw1vr3zB3vZLeyed1sC9hnbcOc9/SrMyM5RPQrkGz4aS9Zow=="
  "resolved" "https://registry.npmjs.org/glob-parent/-/glob-parent-5.1.2.tgz"
  "version" "5.1.2"
  dependencies:
    "is-glob" "^4.0.1"

"has@^1.0.3":
  "integrity" "sha512-f2dvO0VU6Oej7RkWJGrehjbzMAjFp5/VKPp5tTpWIV4JHHZK1/BxbFRtf/siA2SWTe09caDmVtYYzWEIbBS4zw=="
  "resolved" "https://registry.npmjs.org/has/-/has-1.0.3.tgz"
  "version" "1.0.3"
  dependencies:
    "function-bind" "^1.1.1"

"immutable@^4.0.0":
  "integrity" "sha512-zIE9hX70qew5qTUjSS7wi1iwj/l7+m54KWU247nhM3v806UdGj1yDndXj+IOYxxtW9zyLI+xqFNZjTuDaLUqFw=="
  "resolved" "https://registry.npmjs.org/immutable/-/immutable-4.0.0.tgz"
  "version" "4.0.0"

"is-binary-path@~2.1.0":
  "integrity" "sha512-ZMERYes6pDydyuGidse7OsHxtbI7WVeUEozgR/g7rd0xUimYNlvZRE/K2MgZTjWy725IfelLeVcEM97mmtRGXw=="
  "resolved" "https://registry.npmjs.org/is-binary-path/-/is-binary-path-2.1.0.tgz"
  "version" "2.1.0"
  dependencies:
    "binary-extensions" "^2.0.0"

"is-core-module@^2.8.1":
  "integrity" "sha512-SdNCUs284hr40hFTFP6l0IfZ/RSrMXF3qgoRHd3/79unUTvrFO/JoXwkGm+5J/Oe3E/b5GsnG330uUNgRpu1PA=="
  "resolved" "https://registry.npmjs.org/is-core-module/-/is-core-module-2.8.1.tgz"
  "version" "2.8.1"
  dependencies:
    "has" "^1.0.3"

"is-extglob@^2.1.1":
  "integrity" "sha1-qIwCU1eR8C7TfHahueqXc8gz+MI="
  "resolved" "https://registry.npmjs.org/is-extglob/-/is-extglob-2.1.1.tgz"
  "version" "2.1.1"

"is-glob@^4.0.1", "is-glob@~4.0.1":
  "integrity" "sha512-xelSayHH36ZgE7ZWhli7pW34hNbNl8Ojv5KVmkJD4hBdD3th8Tfk9vYasLM+mXWOZhFkgZfxhLSnrwRr4elSSg=="
  "resolved" "https://registry.npmjs.org/is-glob/-/is-glob-4.0.3.tgz"
  "version" "4.0.3"
  dependencies:
    "is-extglob" "^2.1.1"

"is-number@^7.0.0":
  "integrity" "sha512-41Cifkg6e8TylSpdtTpeLVMqvSBEVzTttHvERD741+pnZ8ANv0004MRL43QKPDlK9cGvNp6NZWZUBlbGXYxxng=="
  "resolved" "https://registry.npmjs.org/is-number/-/is-number-7.0.0.tgz"
  "version" "7.0.0"

"js-tokens@^3.0.0 || ^4.0.0":
  "integrity" "sha512-RdJUflcE3cUzKiMqQgsCu06FPu9UdIJO0beYbPhHN4k6apgJtifcoCtT9bcxOpYBtpD2kCM6Sbzg4CausW/PKQ=="
  "resolved" "https://registry.npmjs.org/js-tokens/-/js-tokens-4.0.0.tgz"
  "version" "4.0.0"

"loose-envify@^1.1.0":
  "integrity" "sha512-lyuxPGr/Wfhrlem2CL/UcnUc1zcqKAImBDzukY7Y5F/yQiNdko6+fRLevlw1HgMySw7f611UIY408EtxRSoK3Q=="
  "resolved" "https://registry.npmjs.org/loose-envify/-/loose-envify-1.4.0.tgz"
  "version" "1.4.0"
  dependencies:
    "js-tokens" "^3.0.0 || ^4.0.0"

"nanoid@^3.3.1":
  "integrity" "sha512-n6Vs/3KGyxPQd6uO0eH4Bv0ojGSUvuLlIHtC3Y0kEO23YRge8H9x1GCzLn28YX0H66pMkxuaeESFq4tKISKwdw=="
  "resolved" "https://registry.npmjs.org/nanoid/-/nanoid-3.3.1.tgz"
  "version" "3.3.1"

"normalize-path@^3.0.0", "normalize-path@~3.0.0":
  "integrity" "sha512-6eZs5Ls3WtCisHWp9S2GUy8dqkpGi4BVSz3GaqiE6ezub0512ESztXUwUB6C6IKbQkY2Pnb/mD4WYojCRwcwLA=="
  "resolved" "https://registry.npmjs.org/normalize-path/-/normalize-path-3.0.0.tgz"
  "version" "3.0.0"

"object-assign@^4.1.1":
  "integrity" "sha1-IQmtx5ZYh8/AXLvUQsrIv7s2CGM="
  "resolved" "https://registry.npmjs.org/object-assign/-/object-assign-4.1.1.tgz"
  "version" "4.1.1"

"path-parse@^1.0.7":
  "integrity" "sha512-LDJzPVEEEPR+y48z93A0Ed0yXb8pAByGWo/k5YYdYgpY2/2EsOsksJrq7lOHxryrVOn1ejG6oAp8ahvOIQD8sw=="
  "resolved" "https://registry.npmjs.org/path-parse/-/path-parse-1.0.7.tgz"
  "version" "1.0.7"

"picocolors@^1.0.0":
  "integrity" "sha512-1fygroTLlHu66zi26VoTDv8yRgm0Fccecssto+MhsZ0D/DGW2sm8E8AjW7NU5VVTRt5GxbeZ5qBuJr+HyLYkjQ=="
  "resolved" "https://registry.npmjs.org/picocolors/-/picocolors-1.0.0.tgz"
  "version" "1.0.0"

"picomatch@^2.0.4", "picomatch@^2.2.1":
  "integrity" "sha512-JU3teHTNjmE2VCGFzuY8EXzCDVwEqB2a8fsIvwaStHhAWJEeVd1o1QD80CU6+ZdEXXSLbSsuLwJjkCBWqRQUVA=="
  "resolved" "https://registry.npmjs.org/picomatch/-/picomatch-2.3.1.tgz"
  "version" "2.3.1"

"postcss@^8.4.6":
  "integrity" "sha512-lg6eITwYe9v6Hr5CncVbK70SoioNQIq81nsaG86ev5hAidQvmOeETBqs7jm43K2F5/Ley3ytDtriImV6TpNiSg=="
  "resolved" "https://registry.npmjs.org/postcss/-/postcss-8.4.12.tgz"
  "version" "8.4.12"
  dependencies:
    "nanoid" "^3.3.1"
    "picocolors" "^1.0.0"
    "source-map-js" "^1.0.2"

"react-dom@^17.0.2":
  "integrity" "sha512-s4h96KtLDUQlsENhMn1ar8t2bEa+q/YAtj8pPPdIjPDGBDIVNsrD9aXNWqspUe6AzKCIG0C1HZZLqLV7qpOBGA=="
  "resolved" "https://registry.npmjs.org/react-dom/-/react-dom-17.0.2.tgz"
  "version" "17.0.2"
  dependencies:
    "loose-envify" "^1.1.0"
    "object-assign" "^4.1.1"
    "scheduler" "^0.20.2"

"react-icons@^4.3.1":
  "integrity" "sha512-cB10MXLTs3gVuXimblAdI71jrJx8njrJZmNMEMC+sQu5B/BIOmlsAjskdqpn81y8UBVEGuHODd7/ci5DvoSzTQ=="
  "resolved" "https://registry.npmjs.org/react-icons/-/react-icons-4.3.1.tgz"
  "version" "4.3.1"

"react@^17.0.2":
  "integrity" "sha512-gnhPt75i/dq/z3/6q/0asP78D0u592D5L1pd7M8P+dck6Fu/jJeL6iVVK23fptSUZj8Vjf++7wXA8UNclGQcbA=="
  "resolved" "https://registry.npmjs.org/react/-/react-17.0.2.tgz"
  "version" "17.0.2"
  dependencies:
    "loose-envify" "^1.1.0"
    "object-assign" "^4.1.1"

"readdirp@~3.6.0":
  "integrity" "sha512-hOS089on8RduqdbhvQ5Z37A0ESjsqz6qnRcffsMU3495FuTdqSm+7bhJ29JvIOsBDEEnan5DPu9t3To9VRlMzA=="
  "resolved" "https://registry.npmjs.org/readdirp/-/readdirp-3.6.0.tgz"
  "version" "3.6.0"
  dependencies:
    "picomatch" "^2.2.1"

"resolve@^1.22.0":
  "integrity" "sha512-Hhtrw0nLeSrFQ7phPp4OOcVjLPIeMnRlr5mcnVuMe7M/7eBn98A3hmFRLoFo3DLZkivSYwhRUJTyPyWAk56WLw=="
  "resolved" "https://registry.npmjs.org/resolve/-/resolve-1.22.0.tgz"
  "version" "1.22.0"
  dependencies:
    "is-core-module" "^2.8.1"
    "path-parse" "^1.0.7"
    "supports-preserve-symlinks-flag" "^1.0.0"

"rollup@^2.59.0":
  "integrity" "sha512-CRYsI5EuzLbXdxC6RnYhOuRdtz4bhejPMSWjsFLfVM/7w/85n2szZv6yExqUXsBdz5KT8eoubeyDUDjhLHEslA=="
  "resolved" "https://registry.npmjs.org/rollup/-/rollup-2.70.1.tgz"
  "version" "2.70.1"
  optionalDependencies:
    "fsevents" "~2.3.2"

"sass@^1.49.9":
  "integrity" "sha512-YlYWkkHP9fbwaFRZQRXgDi3mXZShslVmmo+FVK3kHLUELHHEYrCmL1x6IUjC7wLS6VuJSAFXRQS/DxdsC4xL1A=="
  "resolved" "https://registry.npmjs.org/sass/-/sass-1.49.9.tgz"
  "version" "1.49.9"
  dependencies:
    "chokidar" ">=3.0.0 <4.0.0"
    "immutable" "^4.0.0"
    "source-map-js" ">=0.6.2 <2.0.0"

"scheduler@^0.20.2":
  "integrity" "sha512-2eWfGgAqqWFGqtdMmcL5zCMK1U8KlXv8SQFGglL3CEtd0aDVDWgeF/YoCmvln55m5zSk3J/20hTaSBeSObsQDQ=="
  "resolved" "https://registry.npmjs.org/scheduler/-/scheduler-0.20.2.tgz"
  "version" "0.20.2"
  dependencies:
    "loose-envify" "^1.1.0"
    "object-assign" "^4.1.1"

"source-map-js@^1.0.2", "source-map-js@>=0.6.2 <2.0.0":
  "integrity" "sha512-R0XvVJ9WusLiqTCEiGCmICCMplcCkIwwR11mOSD9CR5u+IXYdiseeEuXCVAjS54zqwkLcPNnmU4OeJ6tUrWhDw=="
  "resolved" "https://registry.npmjs.org/source-map-js/-/source-map-js-1.0.2.tgz"
  "version" "1.0.2"

"stats.js@^0.17.0":
  "integrity" "sha1-scPcRtlEmLV4t/05hbgaznExzH0="
  "resolved" "https://registry.npmjs.org/stats.js/-/stats.js-0.17.0.tgz"
  "version" "0.17.0"

"supports-preserve-symlinks-flag@^1.0.0":
  "integrity" "sha512-ot0WnXS9fgdkgIcePe6RHNk1WA8+muPa6cSjeR3V8K27q9BB1rTE3R1p7Hv0z1ZyAc8s6Vvv8DIyWf681MAt0w=="
  "resolved" "https://registry.npmjs.org/supports-preserve-symlinks-flag/-/supports-preserve-symlinks-flag-1.0.0.tgz"
  "version" "1.0.0"

"to-regex-range@^5.0.1":
  "integrity" "sha512-65P7iz6X5yEr1cwcgvQxbbIw7Uk3gOy5dIdtZ4rDveLqhrdJP+Li/Hx6tyK0NEb+2GCyneCMJiGqrADCSNk8sQ=="
  "resolved" "https://registry.npmjs.org/to-regex-range/-/to-regex-range-5.0.1.tgz"
  "version" "5.0.1"
  dependencies:
    "is-number" "^7.0.0"

"typescript@^4.5.5":
  "integrity" "sha512-yNIatDa5iaofVozS/uQJEl3JRWLKKGJKh6Yaiv0GLGSuhpFJe7P3SbHZ8/yjAHRQwKRoA6YZqlfjXWmVzoVSMw=="
  "resolved" "https://registry.npmjs.org/typescript/-/typescript-4.6.3.tgz"
  "version" "4.6.3"

"vite@^2.8.6":
  "integrity" "sha512-e4H0QpludOVKkmOsRyqQ7LTcMUDF3mcgyNU4lmi0B5JUbe0ZxeBBl8VoZ8Y6Rfn9eFKYtdXNPcYK97ZwH+K2ug=="
  "resolved" "https://registry.npmjs.org/vite/-/vite-2.8.6.tgz"
  "version" "2.8.6"
  dependencies:
    "esbuild" "^0.14.14"
    "postcss" "^8.4.6"
    "resolve" "^1.22.0"
    "rollup" "^2.59.0"
  optionalDependencies:
    "fsevents" "~2.3.2"
